# @generated - this file is auto-generated by `mise lock` https://mise.jdx.dev/dev-tools/mise-lock.html

lockfile_version = 3

[[tools.aube]]
version = "2.5.0"
backend = "packslip:github.com/aubepkg/aube"
specifiers = ["latest"]

[tools.aube."platforms.linux-arm64"]
checksum = "sha256:478cc5c1a34a0df8d6ffa89e7cff8eff835cf480775eff9f3eb649f6daf557b7"
url = "https://github.com/aubepkg/aube/releases/download/v2.5.0/aube-v2.5.0-aarch64-unknown-linux-gnu.tar.gz"
signer = "sigstore-oidc:https://github.com/aubepkg/aube/.github/workflows/release-plz.yml"
repository_ids = { repository = "1214542327", owner = "324215402" }

[tools.aube."platforms.linux-arm64-musl"]
checksum = "sha256:dad68ccd45221c30d2d5d8a96ea40ccd344893673bff19175d9c425d4552747e"
url = "https://github.com/aubepkg/aube/releases/download/v2.5.0/aube-v2.5.0-aarch64-unknown-linux-musl.tar.gz"
signer = "sigstore-oidc:https://github.com/aubepkg/aube/.github/workflows/release-plz.yml"
repository_ids = { repository = "1214542327", owner = "324215402" }

[tools.aube."platforms.linux-x64"]
checksum = "sha256:15c5371d4f847da83dd51b4d182cd0928dcd52a9d5cea36d07fb44f3776ee72e"
url = "https://github.com/aubepkg/aube/releases/download/v2.5.0/aube-v2.5.0-x86_64-unknown-linux-gnu.tar.gz"
signer = "sigstore-oidc:https://github.com/aubepkg/aube/.github/workflows/release-plz.yml"
repository_ids = { repository = "1214542327", owner = "324215402" }

[tools.aube."platforms.linux-x64-musl"]
checksum = "sha256:335c0ccd4e2ee4faa1875132ffdd7c21534760021e944e5e638e2a0547421643"
url = "https://github.com/aubepkg/aube/releases/download/v2.5.0/aube-v2.5.0-x86_64-unknown-linux-musl.tar.gz"
signer = "sigstore-oidc:https://github.com/aubepkg/aube/.github/workflows/release-plz.yml"
repository_ids = { repository = "1214542327", owner = "324215402" }

[tools.aube."platforms.macos-arm64"]
checksum = "sha256:cb40e0e58092ae9aa1781127b0770e73995562dc570113179d17705289517495"
url = "https://github.com/aubepkg/aube/releases/download/v2.5.0/aube-v2.5.0-aarch64-apple-darwin.tar.gz"
signer = "sigstore-oidc:https://github.com/aubepkg/aube/.github/workflows/release-plz.yml"
repository_ids = { repository = "1214542327", owner = "324215402" }

[tools.aube."platforms.windows-x64"]
checksum = "sha256:4d39e74cc45bf418f9cdf0bd81ac846aefc8b7045077afe8cf3226366dc091fe"
url = "https://github.com/aubepkg/aube/releases/download/v2.5.0/aube-v2.5.0-x86_64-pc-windows-msvc.zip"
signer = "sigstore-oidc:https://github.com/aubepkg/aube/.github/workflows/release-plz.yml"
repository_ids = { repository = "1214542327", owner = "324215402" }

[[tools.node]]
version = "26.10.0"
backend = "core:node"
specifiers = ["26"]

[tools.node."platforms.linux-arm64"]
checksum = "sha256:423a41bff8e2a2fa15e702fefe2919ef95823b2378744daccb8439302534b44f"
url = "https://nodejs.org/dist/v26.10.0/node-v26.10.0-linux-arm64.tar.gz"

[tools.node."platforms.linux-arm64-musl"]
checksum = "sha256:d26027bff3197050d2a2b0bfa151b18e8378ed81affa2bf5093804db158979b6"
url = "https://unofficial-builds.nodejs.org/download/release/v26.10.0/node-v26.10.0-linux-arm64-musl.tar.gz"

[tools.node."platforms.linux-x64"]
checksum = "sha256:cb5c9ce9c80d7b8821e3a258543c71b939138cf17c74d5cc44bbe85d6dbc5ad8"
url = "https://nodejs.org/dist/v26.10.0/node-v26.10.0-linux-x64.tar.gz"

[tools.node."platforms.linux-x64-musl"]
checksum = "sha256:e42da94821b9422eb76bf5aaf4de0977e04ba320b8aff6148d895a94b08ee223"
url = "https://unofficial-builds.nodejs.org/download/release/v26.10.0/node-v26.10.0-linux-x64-musl.tar.gz"

[tools.node."platforms.macos-arm64"]
checksum = "sha256:751fdf7439f115d87ee2a8f3f18c065b6151852068e3e666ac60ac2996f75ac9"
url = "https://nodejs.org/dist/v26.10.0/node-v26.10.0-darwin-arm64.tar.gz"

[tools.node."platforms.windows-x64"]
checksum = "sha256:9fef7eca6743a6b910989cd8e78712376b394fcb9b6e1e9c44a0799a287f90c5"
url = "https://nodejs.org/dist/v26.10.0/node-v26.10.0-win-x64.zip"
